
Microsoft Visual Studio Solution File, Format Version 12.00
# Visual Studio 15
VisualStudioVersion = 15.0.28010.2046
MinimumVisualStudioVersion = 10.0.40219.1
Project("{FAE04EC0-301F-11D3-BF4B-00C04F79EFBC}") = "XFSampleApp.Android", "XFSampleApp\XFSampleApp.Android\XFSampleApp.Android.csproj", "{FA8E9543-A659-40A1-87B1-D55366E401B2}"
EndProject
Project("{FAE04EC0-301F-11D3-BF4B-00C04F79EFBC}") = "XFSampleApp.iOS", "XFSampleApp\XFSampleApp.iOS\XFSampleApp.iOS.csproj", "{A1EEDAED-5D72-4FD2-9800-FA8F6A477ACE}"
EndProject
Project("{9A19103F-16F7-4668-BE54-9A1E7A4F7556}") = "XFSampleApp", "XFSampleApp\XFSampleApp\XFSampleApp.csproj", "{A3ACEDE3-EF9E-4085-954B-543384262384}"
EndProject
Global
	GlobalSection(SolutionConfigurationPlatforms) = preSolution
		Ad-Hoc|Any CPU = Ad-Hoc|Any CPU
		Ad-Hoc|iPhone = Ad-Hoc|iPhone
		Ad-Hoc|iPhoneSimulator = Ad-Hoc|iPhoneSimulator
		AppStore|Any CPU = AppStore|Any CPU
		AppStore|iPhone = AppStore|iPhone
		AppStore|iPhoneSimulator = AppStore|iPhoneSimulator
		Debug|Any CPU = Debug|Any CPU
		Debug|iPhone = Debug|iPhone
		Debug|iPhoneSimulator = Debug|iPhoneSimulator
		Release|Any CPU = Release|Any CPU
		Release|iPhone = Release|iPhone
		Release|iPhoneSimulator = Release|iPhoneSimulator
	EndGlobalSection
	GlobalSection(ProjectConfigurationPlatforms) = postSolution
		{FA8E9543-A659-40A1-87B1-D55366E401B2}.Ad-Hoc|Any CPU.ActiveCfg = Release|Any CPU
		{FA8E9543-A659-40A1-87B1-D55366E401B2}.Ad-Hoc|Any CPU.Build.0 = Release|Any CPU
		{FA8E9543-A659-40A1-87B1-D55366E401B2}.Ad-Hoc|Any CPU.Deploy.0 = Release|Any CPU
		{FA8E9543-A659-40A1-87B1-D55366E401B2}.Ad-Hoc|iPhone.ActiveCfg = Release|Any CPU
		{FA8E9543-A659-40A1-87B1-D55366E401B2}.Ad-Hoc|iPhone.Build.0 = Release|Any CPU
		{FA8E9543-A659-40A1-87B1-D55366E401B2}.Ad-Hoc|iPhone.Deploy.0 = Release|Any CPU
		{FA8E9543-A659-40A1-87B1-D55366E401B2}.Ad-Hoc|iPhoneSimulator.ActiveCfg = Release|Any CPU
		{FA8E9543-A659-40A1-87B1-D55366E401B2}.Ad-Hoc|iPhoneSimulator.Build.0 = Release|Any CPU
		{FA8E9543-A659-40A1-87B1-D55366E401B2}.Ad-Hoc|iPhoneSimulator.Deploy.0 = Release|Any CPU
		{FA8E9543-A659-40A1-87B1-D55366E401B2}.AppStore|Any CPU.ActiveCfg = Release|Any CPU
		{FA8E9543-A659-40A1-87B1-D55366E401B2}.AppStore|Any CPU.Build.0 = Release|Any CPU
		{FA8E9543-A659-40A1-87B1-D55366E401B2}.AppStore|Any CPU.Deploy.0 = Release|Any CPU
		{FA8E9543-A659-40A1-87B1-D55366E401B2}.AppStore|iPhone.ActiveCfg = Release|Any CPU
		{FA8E9543-A659-40A1-87B1-D55366E401B2}.AppStore|iPhone.Build.0 = Release|Any CPU
		{FA8E9543-A659-40A1-87B1-D55366E401B2}.AppStore|iPhone.Deploy.0 = Release|Any CPU
		{FA8E9543-A659-40A1-87B1-D55366E401B2}.AppStore|iPhoneSimulator.ActiveCfg = Release|Any CPU
		{FA8E9543-A659-40A1-87B1-D55366E401B2}.AppStore|iPhoneSimulator.Build.0 = Release|Any CPU
		{FA8E9543-A659-40A1-87B1-D55366E401B2}.AppStore|iPhoneSimulator.Deploy.0 = Release|Any CPU
		{FA8E9543-A659-40A1-87B1-D55366E401B2}.Debug|Any CPU.ActiveCfg = Debug|Any CPU
		{FA8E9543-A659-40A1-87B1-D55366E401B2}.Debug|Any CPU.Build.0 = Debug|Any CPU
		{FA8E9543-A659-40A1-87B1-D55366E401B2}.Debug|Any CPU.Deploy.0 = Debug|Any CPU
		{FA8E9543-A659-40A1-87B1-D55366E401B2}.Debug|iPhone.ActiveCfg = Debug|Any CPU
		{FA8E9543-A659-40A1-87B1-D55366E401B2}.Debug|iPhone.Build.0 = Debug|Any CPU
		{FA8E9543-A659-40A1-87B1-D55366E401B2}.Debug|iPhone.Deploy.0 = Debug|Any CPU
		{FA8E9543-A659-40A1-87B1-D55366E401B2}.Debug|iPhoneSimulator.ActiveCfg = Debug|Any CPU
		{FA8E9543-A659-40A1-87B1-D55366E401B2}.Debug|iPhoneSimulator.Build.0 = Debug|Any CPU
		{FA8E9543-A659-40A1-87B1-D55366E401B2}.Debug|iPhoneSimulator.Deploy.0 = Debug|Any CPU
		{FA8E9543-A659-40A1-87B1-D55366E401B2}.Release|Any CPU.ActiveCfg = Release|Any CPU
		{FA8E9543-A659-40A1-87B1-D55366E401B2}.Release|Any CPU.Build.0 = Release|Any CPU
		{FA8E9543-A659-40A1-87B1-D55366E401B2}.Release|Any CPU.Deploy.0 = Release|Any CPU
		{FA8E9543-A659-40A1-87B1-D55366E401B2}.Release|iPhone.ActiveCfg = Release|Any CPU
		{FA8E9543-A659-40A1-87B1-D55366E401B2}.Release|iPhone.Build.0 = Release|Any CPU
		{FA8E9543-A659-40A1-87B1-D55366E401B2}.Release|iPhone.Deploy.0 = Release|Any CPU
		{FA8E9543-A659-40A1-87B1-D55366E401B2}.Release|iPhoneSimulator.ActiveCfg = Release|Any CPU
		{FA8E9543-A659-40A1-87B1-D55366E401B2}.Release|iPhoneSimulator.Build.0 = Release|Any CPU
		{FA8E9543-A659-40A1-87B1-D55366E401B2}.Release|iPhoneSimulator.Deploy.0 = Release|Any CPU
		{A1EEDAED-5D72-4FD2-9800-FA8F6A477ACE}.Ad-Hoc|Any CPU.ActiveCfg = Ad-Hoc|iPhone
		{A1EEDAED-5D72-4FD2-9800-FA8F6A477ACE}.Ad-Hoc|Any CPU.Build.0 = Ad-Hoc|iPhone
		{A1EEDAED-5D72-4FD2-9800-FA8F6A477ACE}.Ad-Hoc|Any CPU.Deploy.0 = Ad-Hoc|iPhone
		{A1EEDAED-5D72-4FD2-9800-FA8F6A477ACE}.Ad-Hoc|iPhone.ActiveCfg = Ad-Hoc|iPhone
		{A1EEDAED-5D72-4FD2-9800-FA8F6A477ACE}.Ad-Hoc|iPhone.Build.0 = Ad-Hoc|iPhone
		{A1EEDAED-5D72-4FD2-9800-FA8F6A477ACE}.Ad-Hoc|iPhone.Deploy.0 = Ad-Hoc|iPhone
		{A1EEDAED-5D72-4FD2-9800-FA8F6A477ACE}.Ad-Hoc|iPhoneSimulator.ActiveCfg = Ad-Hoc|iPhoneSimulator
		{A1EEDAED-5D72-4FD2-9800-FA8F6A477ACE}.Ad-Hoc|iPhoneSimulator.Build.0 = Ad-Hoc|iPhoneSimulator
		{A1EEDAED-5D72-4FD2-9800-FA8F6A477ACE}.Ad-Hoc|iPhoneSimulator.Deploy.0 = Ad-Hoc|iPhoneSimulator
		{A1EEDAED-5D72-4FD2-9800-FA8F6A477ACE}.AppStore|Any CPU.ActiveCfg = AppStore|iPhone
		{A1EEDAED-5D72-4FD2-9800-FA8F6A477ACE}.AppStore|Any CPU.Build.0 = AppStore|iPhone
		{A1EEDAED-5D72-4FD2-9800-FA8F6A477ACE}.AppStore|Any CPU.Deploy.0 = AppStore|iPhone
		{A1EEDAED-5D72-4FD2-9800-FA8F6A477ACE}.AppStore|iPhone.ActiveCfg = AppStore|iPhone
		{A1EEDAED-5D72-4FD2-9800-FA8F6A477ACE}.AppStore|iPhone.Build.0 = AppStore|iPhone
		{A1EEDAED-5D72-4FD2-9800-FA8F6A477ACE}.AppStore|iPhone.Deploy.0 = AppStore|iPhone
		{A1EEDAED-5D72-4FD2-9800-FA8F6A477ACE}.AppStore|iPhoneSimulator.ActiveCfg = AppStore|iPhoneSimulator
		{A1EEDAED-5D72-4FD2-9800-FA8F6A477ACE}.AppStore|iPhoneSimulator.Build.0 = AppStore|iPhoneSimulator
		{A1EEDAED-5D72-4FD2-9800-FA8F6A477ACE}.AppStore|iPhoneSimulator.Deploy.0 = AppStore|iPhoneSimulator
		{A1EEDAED-5D72-4FD2-9800-FA8F6A477ACE}.Debug|Any CPU.ActiveCfg = Debug|iPhoneSimulator
		{A1EEDAED-5D72-4FD2-9800-FA8F6A477ACE}.Debug|Any CPU.Deploy.0 = Debug|iPhoneSimulator
		{A1EEDAED-5D72-4FD2-9800-FA8F6A477ACE}.Debug|iPhone.ActiveCfg = Debug|iPhone
		{A1EEDAED-5D72-4FD2-9800-FA8F6A477ACE}.Debug|iPhone.Build.0 = Debug|iPhone
		{A1EEDAED-5D72-4FD2-9800-FA8F6A477ACE}.Debug|iPhone.Deploy.0 = Debug|iPhone
		{A1EEDAED-5D72-4FD2-9800-FA8F6A477ACE}.Debug|iPhoneSimulator.ActiveCfg = Debug|iPhoneSimulator
		{A1EEDAED-5D72-4FD2-9800-FA8F6A477ACE}.Debug|iPhoneSimulator.Build.0 = Debug|iPhoneSimulator
		{A1EEDAED-5D72-4FD2-9800-FA8F6A477ACE}.Debug|iPhoneSimulator.Deploy.0 = Debug|iPhoneSimulator
		{A1EEDAED-5D72-4FD2-9800-FA8F6A477ACE}.Release|Any CPU.ActiveCfg = Release|iPhone
		{A1EEDAED-5D72-4FD2-9800-FA8F6A477ACE}.Release|Any CPU.Build.0 = Release|iPhone
		{A1EEDAED-5D72-4FD2-9800-FA8F6A477ACE}.Release|Any CPU.Deploy.0 = Release|iPhone
		{A1EEDAED-5D72-4FD2-9800-FA8F6A477ACE}.Release|iPhone.ActiveCfg = Release|iPhone
		{A1EEDAED-5D72-4FD2-9800-FA8F6A477ACE}.Release|iPhone.Build.0 = Release|iPhone
		{A1EEDAED-5D72-4FD2-9800-FA8F6A477ACE}.Release|iPhone.Deploy.0 = Release|iPhone
		{A1EEDAED-5D72-4FD2-9800-FA8F6A477ACE}.Release|iPhoneSimulator.ActiveCfg = Release|iPhoneSimulator
		{A1EEDAED-5D72-4FD2-9800-FA8F6A477ACE}.Release|iPhoneSimulator.Build.0 = Release|iPhoneSimulator
		{A1EEDAED-5D72-4FD2-9800-FA8F6A477ACE}.Release|iPhoneSimulator.Deploy.0 = Release|iPhoneSimulator
		{A3ACEDE3-EF9E-4085-954B-543384262384}.Ad-Hoc|Any CPU.ActiveCfg = Debug|Any CPU
		{A3ACEDE3-EF9E-4085-954B-543384262384}.Ad-Hoc|Any CPU.Build.0 = Debug|Any CPU
		{A3ACEDE3-EF9E-4085-954B-543384262384}.Ad-Hoc|Any CPU.Deploy.0 = Debug|Any CPU
		{A3ACEDE3-EF9E-4085-954B-543384262384}.Ad-Hoc|iPhone.ActiveCfg = Debug|Any CPU
		{A3ACEDE3-EF9E-4085-954B-543384262384}.Ad-Hoc|iPhone.Build.0 = Debug|Any CPU
		{A3ACEDE3-EF9E-4085-954B-543384262384}.Ad-Hoc|iPhone.Deploy.0 = Debug|Any CPU
		{A3ACEDE3-EF9E-4085-954B-543384262384}.Ad-Hoc|iPhoneSimulator.ActiveCfg = Debug|Any CPU
		{A3ACEDE3-EF9E-4085-954B-543384262384}.Ad-Hoc|iPhoneSimulator.Build.0 = Debug|Any CPU
		{A3ACEDE3-EF9E-4085-954B-543384262384}.Ad-Hoc|iPhoneSimulator.Deploy.0 = Debug|Any CPU
		{A3ACEDE3-EF9E-4085-954B-543384262384}.AppStore|Any CPU.ActiveCfg = Debug|Any CPU
		{A3ACEDE3-EF9E-4085-954B-543384262384}.AppStore|Any CPU.Build.0 = Debug|Any CPU
		{A3ACEDE3-EF9E-4085-954B-543384262384}.AppStore|Any CPU.Deploy.0 = Debug|Any CPU
		{A3ACEDE3-EF9E-4085-954B-543384262384}.AppStore|iPhone.ActiveCfg = Debug|Any CPU
		{A3ACEDE3-EF9E-4085-954B-543384262384}.AppStore|iPhone.Build.0 = Debug|Any CPU
		{A3ACEDE3-EF9E-4085-954B-543384262384}.AppStore|iPhone.Deploy.0 = Debug|Any CPU
		{A3ACEDE3-EF9E-4085-954B-543384262384}.AppStore|iPhoneSimulator.ActiveCfg = Debug|Any CPU
		{A3ACEDE3-EF9E-4085-954B-543384262384}.AppStore|iPhoneSimulator.Build.0 = Debug|Any CPU
		{A3ACEDE3-EF9E-4085-954B-543384262384}.AppStore|iPhoneSimulator.Deploy.0 = Debug|Any CPU
		{A3ACEDE3-EF9E-4085-954B-543384262384}.Debug|Any CPU.ActiveCfg = Debug|Any CPU
		{A3ACEDE3-EF9E-4085-954B-543384262384}.Debug|Any CPU.Build.0 = Debug|Any CPU
		{A3ACEDE3-EF9E-4085-954B-543384262384}.Debug|Any CPU.Deploy.0 = Debug|Any CPU
		{A3ACEDE3-EF9E-4085-954B-543384262384}.Debug|iPhone.ActiveCfg = Debug|Any CPU
		{A3ACEDE3-EF9E-4085-954B-543384262384}.Debug|iPhone.Build.0 = Debug|Any CPU
		{A3ACEDE3-EF9E-4085-954B-543384262384}.Debug|iPhone.Deploy.0 = Debug|Any CPU
		{A3ACEDE3-EF9E-4085-954B-543384262384}.Debug|iPhoneSimulator.ActiveCfg = Debug|Any CPU
		{A3ACEDE3-EF9E-4085-954B-543384262384}.Debug|iPhoneSimulator.Build.0 = Debug|Any CPU
		{A3ACEDE3-EF9E-4085-954B-543384262384}.Debug|iPhoneSimulator.Deploy.0 = Debug|Any CPU
		{A3ACEDE3-EF9E-4085-954B-543384262384}.Release|Any CPU.ActiveCfg = Release|Any CPU
		{A3ACEDE3-EF9E-4085-954B-543384262384}.Release|Any CPU.Build.0 = Release|Any CPU
		{A3ACEDE3-EF9E-4085-954B-543384262384}.Release|Any CPU.Deploy.0 = Release|Any CPU
		{A3ACEDE3-EF9E-4085-954B-543384262384}.Release|iPhone.ActiveCfg = Release|Any CPU
		{A3ACEDE3-EF9E-4085-954B-543384262384}.Release|iPhone.Build.0 = Release|Any CPU
		{A3ACEDE3-EF9E-4085-954B-543384262384}.Release|iPhone.Deploy.0 = Release|Any CPU
		{A3ACEDE3-EF9E-4085-954B-543384262384}.Release|iPhoneSimulator.ActiveCfg = Release|Any CPU
		{A3ACEDE3-EF9E-4085-954B-543384262384}.Release|iPhoneSimulator.Build.0 = Release|Any CPU
		{A3ACEDE3-EF9E-4085-954B-543384262384}.Release|iPhoneSimulator.Deploy.0 = Release|Any CPU
	EndGlobalSection
	GlobalSection(SolutionProperties) = preSolution
		HideSolutionNode = FALSE
	EndGlobalSection
	GlobalSection(ExtensibilityGlobals) = postSolution
		SolutionGuid = {66BF58FD-94B4-45DA-94BF-081F91B108A4}
	EndGlobalSection
EndGlobal
